// !$*UTF8*$!
{
	archiveVersion = 1;
	classes = {
	};
	objectVersion = 51;
	objects = {

/* Begin PBXBuildFile section */
		1C2DF252B8E87505ED511C0B /* Pods_Instagram.framework in Frameworks */ = {isa = PBXBuildFile; fileRef = 66541CDC5BC6B5EBD4B588AF /* Pods_Instagram.framework */; };
		387FD37BC41A8028491665C3 /* Pods_InstagramTests.framework in Frameworks */ = {isa = PBXBuildFile; fileRef = FB30CE81C60C46C350EB1069 /* Pods_InstagramTests.framework */; };
		C309290D24B51F2D00080CE7 /* ProfileViewController.m in Sources */ = {isa = PBXBuildFile; fileRef = C309290C24B51F2D00080CE7 /* ProfileViewController.m */; };
		C32AAACF24B3E3A70020B639 /* PostCell.m in Sources */ = {isa = PBXBuildFile; fileRef = C32AAACE24B3E3A70020B639 /* PostCell.m */; };
		C32AAAD224B3EB070020B639 /* ComposePostViewController.m in Sources */ = {isa = PBXBuildFile; fileRef = C32AAAD124B3EB070020B639 /* ComposePostViewController.m */; };
		C32AAAD524B3ECF90020B639 /* Post.m in Sources */ = {isa = PBXBuildFile; fileRef = C32AAAD424B3ECF90020B639 /* Post.m */; };
		C380127E24B529B300BAAD17 /* EditProfileViewController.m in Sources */ = {isa = PBXBuildFile; fileRef = C380127D24B529B300BAAD17 /* EditProfileViewController.m */; };
		C397643B24B3AC510055B535 /* AppDelegate.m in Sources */ = {isa = PBXBuildFile; fileRef = C397643A24B3AC510055B535 /* AppDelegate.m */; };
		C397643E24B3AC510055B535 /* SceneDelegate.m in Sources */ = {isa = PBXBuildFile; fileRef = C397643D24B3AC510055B535 /* SceneDelegate.m */; };
		C397644424B3AC510055B535 /* Main.storyboard in Resources */ = {isa = PBXBuildFile; fileRef = C397644224B3AC510055B535 /* Main.storyboard */; };
		C397644624B3AC520055B535 /* Assets.xcassets in Resources */ = {isa = PBXBuildFile; fileRef = C397644524B3AC520055B535 /* Assets.xcassets */; };
		C397644924B3AC520055B535 /* LaunchScreen.storyboard in Resources */ = {isa = PBXBuildFile; fileRef = C397644724B3AC520055B535 /* LaunchScreen.storyboard */; };
		C397644C24B3AC520055B535 /* main.m in Sources */ = {isa = PBXBuildFile; fileRef = C397644B24B3AC520055B535 /* main.m */; };
		C397645624B3AC520055B535 /* InstagramTests.m in Sources */ = {isa = PBXBuildFile; fileRef = C397645524B3AC520055B535 /* InstagramTests.m */; };
		C397646124B3AC520055B535 /* InstagramUITests.m in Sources */ = {isa = PBXBuildFile; fileRef = C397646024B3AC520055B535 /* InstagramUITests.m */; };
		C39BC2EC24B50D0000C6822F /* Billabong.ttf in Resources */ = {isa = PBXBuildFile; fileRef = C39BC2EB24B50D0000C6822F /* Billabong.ttf */; };
		C39BC2ED24B50D0000C6822F /* Billabong.ttf in Resources */ = {isa = PBXBuildFile; fileRef = C39BC2EB24B50D0000C6822F /* Billabong.ttf */; };
		C39BC2EE24B50D0000C6822F /* Billabong.ttf in Resources */ = {isa = PBXBuildFile; fileRef = C39BC2EB24B50D0000C6822F /* Billabong.ttf */; };
		C3A777F024B3BAB3005CEC88 /* LoginViewController.m in Sources */ = {isa = PBXBuildFile; fileRef = C3A777EF24B3BAB3005CEC88 /* LoginViewController.m */; };
		C3A777F324B3BB98005CEC88 /* SignUpViewController.m in Sources */ = {isa = PBXBuildFile; fileRef = C3A777F224B3BB98005CEC88 /* SignUpViewController.m */; };
		C3A777F624B3C2AC005CEC88 /* FeedViewController.m in Sources */ = {isa = PBXBuildFile; fileRef = C3A777F524B3C2AC005CEC88 /* FeedViewController.m */; };
		E97919DE66E7C7FE542DE91D /* Pods_Instagram_InstagramUITests.framework in Frameworks */ = {isa = PBXBuildFile; fileRef = B45E12C4E057F1EE68333992 /* Pods_Instagram_InstagramUITests.framework */; };
/* End PBXBuildFile section */

/* Begin PBXContainerItemProxy section */
		C397645224B3AC520055B535 /* PBXContainerItemProxy */ = {
			isa = PBXContainerItemProxy;
			containerPortal = C397642E24B3AC510055B535 /* Project object */;
			proxyType = 1;
			remoteGlobalIDString = C397643524B3AC510055B535;
			remoteInfo = Instagram;
		};
		C397645D24B3AC520055B535 /* PBXContainerItemProxy */ = {
			isa = PBXContainerItemProxy;
			containerPortal = C397642E24B3AC510055B535 /* Project object */;
			proxyType = 1;
			remoteGlobalIDString = C397643524B3AC510055B535;
			remoteInfo = Instagram;
		};
/* End PBXContainerItemProxy section */

/* Begin PBXFileReference section */
		3F04945E30237236921400D4 /* Pods-Instagram-InstagramUITests.release.xcconfig */ = {isa = PBXFileReference; includeInIndex = 1; lastKnownFileType = text.xcconfig; name = "Pods-Instagram-InstagramUITests.release.xcconfig"; path = "Target Support Files/Pods-Instagram-InstagramUITests/Pods-Instagram-InstagramUITests.release.xcconfig"; sourceTree = "<group>"; };
		66541CDC5BC6B5EBD4B588AF /* Pods_Instagram.framework */ = {isa = PBXFileReference; explicitFileType = wrapper.framework; includeInIndex = 0; path = Pods_Instagram.framework; sourceTree = BUILT_PRODUCTS_DIR; };
		84442B7D8325A5BB75644AFF /* Pods-Instagram-InstagramUITests.debug.xcconfig */ = {isa = PBXFileReference; includeInIndex = 1; lastKnownFileType = text.xcconfig; name = "Pods-Instagram-InstagramUITests.debug.xcconfig"; path = "Target Support Files/Pods-Instagram-InstagramUITests/Pods-Instagram-InstagramUITests.debug.xcconfig"; sourceTree = "<group>"; };
		A4C8A444EF2353B8B5A08EF5 /* Pods-Instagram.debug.xcconfig */ = {isa = PBXFileReference; includeInIndex = 1; lastKnownFileType = text.xcconfig; name = "Pods-Instagram.debug.xcconfig"; path = "Target Support Files/Pods-Instagram/Pods-Instagram.debug.xcconfig"; sourceTree = "<group>"; };
		B45E12C4E057F1EE68333992 /* Pods_Instagram_InstagramUITests.framework */ = {isa = PBXFileReference; explicitFileType = wrapper.framework; includeInIndex = 0; path = Pods_Instagram_InstagramUITests.framework; sourceTree = BUILT_PRODUCTS_DIR; };
		C309290B24B51F2D00080CE7 /* ProfileViewController.h */ = {isa = PBXFileReference; lastKnownFileType = sourcecode.c.h; path = ProfileViewController.h; sourceTree = "<group>"; };
		C309290C24B51F2D00080CE7 /* ProfileViewController.m */ = {isa = PBXFileReference; lastKnownFileType = sourcecode.c.objc; path = ProfileViewController.m; sourceTree = "<group>"; };
		C32AAACD24B3E3A70020B639 /* PostCell.h */ = {isa = PBXFileReference; lastKnownFileType = sourcecode.c.h; path = PostCell.h; sourceTree = "<group>"; };
		C32AAACE24B3E3A70020B639 /* PostCell.m */ = {isa = PBXFileReference; lastKnownFileType = sourcecode.c.objc; path = PostCell.m; sourceTree = "<group>"; };
		C32AAAD024B3EB070020B639 /* ComposePostViewController.h */ = {isa = PBXFileReference; lastKnownFileType = sourcecode.c.h; path = ComposePostViewController.h; sourceTree = "<group>"; };
		C32AAAD124B3EB070020B639 /* ComposePostViewController.m */ = {isa = PBXFileReference; lastKnownFileType = sourcecode.c.objc; path = ComposePostViewController.m; sourceTree = "<group>"; };
		C32AAAD324B3ECF90020B639 /* Post.h */ = {isa = PBXFileReference; lastKnownFileType = sourcecode.c.h; path = Post.h; sourceTree = "<group>"; };
		C32AAAD424B3ECF90020B639 /* Post.m */ = {isa = PBXFileReference; lastKnownFileType = sourcecode.c.objc; path = Post.m; sourceTree = "<group>"; };
		C380127C24B529B300BAAD17 /* EditProfileViewController.h */ = {isa = PBXFileReference; lastKnownFileType = sourcecode.c.h; path = EditProfileViewController.h; sourceTree = "<group>"; };
		C380127D24B529B300BAAD17 /* EditProfileViewController.m */ = {isa = PBXFileReference; lastKnownFileType = sourcecode.c.objc; path = EditProfileViewController.m; sourceTree = "<group>"; };
		C397643624B3AC510055B535 /* Instagram.app */ = {isa = PBXFileReference; explicitFileType = wrapper.application; includeInIndex = 0; path = Instagram.app; sourceTree = BUILT_PRODUCTS_DIR; };
		C397643924B3AC510055B535 /* AppDelegate.h */ = {isa = PBXFileReference; lastKnownFileType = sourcecode.c.h; path = AppDelegate.h; sourceTree = "<group>"; };
		C397643A24B3AC510055B535 /* AppDelegate.m */ = {isa = PBXFileReference; lastKnownFileType = sourcecode.c.objc; path = AppDelegate.m; sourceTree = "<group>"; };
		C397643C24B3AC510055B535 /* SceneDelegate.h */ = {isa = PBXFileReference; lastKnownFileType = sourcecode.c.h; path = SceneDelegate.h; sourceTree = "<group>"; };
		C397643D24B3AC510055B535 /* SceneDelegate.m */ = {isa = PBXFileReference; lastKnownFileType = sourcecode.c.objc; path = SceneDelegate.m; sourceTree = "<group>"; };
		C397644324B3AC510055B535 /* Base */ = {isa = PBXFileReference; lastKnownFileType = file.storyboard; name = Base; path = Base.lproj/Main.storyboard; sourceTree = "<group>"; };
		C397644524B3AC520055B535 /* Assets.xcassets */ = {isa = PBXFileReference; lastKnownFileType = folder.assetcatalog; path = Assets.xcassets; sourceTree = "<group>"; };
		C397644824B3AC520055B535 /* Base */ = {isa = PBXFileReference; lastKnownFileType = file.storyboard; name = Base; path = Base.lproj/LaunchScreen.storyboard; sourceTree = "<group>"; };
		C397644A24B3AC520055B535 /* Info.plist */ = {isa = PBXFileReference; lastKnownFileType = text.plist.xml; path = Info.plist; sourceTree = "<group>"; };
		C397644B24B3AC520055B535 /* main.m */ = {isa = PBXFileReference; lastKnownFileType = sourcecode.c.objc; path = main.m; sourceTree = "<group>"; };
		C397645124B3AC520055B535 /* InstagramTests.xctest */ = {isa = PBXFileReference; explicitFileType = wrapper.cfbundle; includeInIndex = 0; path = InstagramTests.xctest; sourceTree = BUILT_PRODUCTS_DIR; };
		C397645524B3AC520055B535 /* InstagramTests.m */ = {isa = PBXFileReference; lastKnownFileType = sourcecode.c.objc; path = InstagramTests.m; sourceTree = "<group>"; };
		C397645724B3AC520055B535 /* Info.plist */ = {isa = PBXFileReference; lastKnownFileType = text.plist.xml; path = Info.plist; sourceTree = "<group>"; };
		C397645C24B3AC520055B535 /* InstagramUITests.xctest */ = {isa = PBXFileReference; explicitFileType = wrapper.cfbundle; includeInIndex = 0; path = InstagramUITests.xctest; sourceTree = BUILT_PRODUCTS_DIR; };
		C397646024B3AC520055B535 /* InstagramUITests.m */ = {isa = PBXFileReference; lastKnownFileType = sourcecode.c.objc; path = InstagramUITests.m; sourceTree = "<group>"; };
		C397646224B3AC520055B535 /* Info.plist */ = {isa = PBXFileReference; lastKnownFileType = text.plist.xml; path = Info.plist; sourceTree = "<group>"; };
		C39BC2EB24B50D0000C6822F /* Billabong.ttf */ = {isa = PBXFileReference; lastKnownFileType = file; name = Billabong.ttf; path = "../../../Downloads/Billabong 2/Billabong.ttf"; sourceTree = "<group>"; };
		C3A777EE24B3BAB3005CEC88 /* LoginViewController.h */ = {isa = PBXFileReference; lastKnownFileType = sourcecode.c.h; path = LoginViewController.h; sourceTree = "<group>"; };
		C3A777EF24B3BAB3005CEC88 /* LoginViewController.m */ = {isa = PBXFileReference; lastKnownFileType = sourcecode.c.objc; path = LoginViewController.m; sourceTree = "<group>"; };
		C3A777F124B3BB98005CEC88 /* SignUpViewController.h */ = {isa = PBXFileReference; lastKnownFileType = sourcecode.c.h; path = SignUpViewController.h; sourceTree = "<group>"; };
		C3A777F224B3BB98005CEC88 /* SignUpViewController.m */ = {isa = PBXFileReference; lastKnownFileType = sourcecode.c.objc; path = SignUpViewController.m; sourceTree = "<group>"; };
		C3A777F424B3C2AC005CEC88 /* FeedViewController.h */ = {isa = PBXFileReference; lastKnownFileType = sourcecode.c.h; path = FeedViewController.h; sourceTree = "<group>"; };
		C3A777F524B3C2AC005CEC88 /* FeedViewController.m */ = {isa = PBXFileReference; lastKnownFileType = sourcecode.c.objc; path = FeedViewController.m; sourceTree = "<group>"; };
		CCCF0FBC6F1735ED3C8E99BA /* Pods-InstagramTests.debug.xcconfig */ = {isa = PBXFileReference; includeInIndex = 1; lastKnownFileType = text.xcconfig; name = "Pods-InstagramTests.debug.xcconfig"; path = "Target Support Files/Pods-InstagramTests/Pods-InstagramTests.debug.xcconfig"; sourceTree = "<group>"; };
		EBD48EC8590D1764049F3C36 /* Pods-InstagramTests.release.xcconfig */ = {isa = PBXFileReference; includeInIndex = 1; lastKnownFileType = text.xcconfig; name = "Pods-InstagramTests.release.xcconfig"; path = "Target Support Files/Pods-InstagramTests/Pods-InstagramTests.release.xcconfig"; sourceTree = "<group>"; };
		EC4115C5AE051A3695543558 /* Pods-Instagram.release.xcconfig */ = {isa = PBXFileReference; includeInIndex = 1; lastKnownFileType = text.xcconfig; name = "Pods-Instagram.release.xcconfig"; path = "Target Support Files/Pods-Instagram/Pods-Instagram.release.xcconfig"; sourceTree = "<group>"; };
		FB30CE81C60C46C350EB1069 /* Pods_InstagramTests.framework */ = {isa = PBXFileReference; explicitFileType = wrapper.framework; includeInIndex = 0; path = Pods_InstagramTests.framework; sourceTree = BUILT_PRODUCTS_DIR; };
/* End PBXFileReference section */

/* Begin PBXFrameworksBuildPhase section */
		C397643324B3AC510055B535 /* Frameworks */ = {
			isa = PBXFrameworksBuildPhase;
			buildActionMask = 2147483647;
			files = (
				1C2DF252B8E87505ED511C0B /* Pods_Instagram.framework in Frameworks */,
			);
			runOnlyForDeploymentPostprocessing = 0;
		};
		C397644E24B3AC520055B535 /* Frameworks */ = {
			isa = PBXFrameworksBuildPhase;
			buildActionMask = 2147483647;
			files = (
				387FD37BC41A8028491665C3 /* Pods_InstagramTests.framework in Frameworks */,
			);
			runOnlyForDeploymentPostprocessing = 0;
		};
		C397645924B3AC520055B535 /* Frameworks */ = {
			isa = PBXFrameworksBuildPhase;
			buildActionMask = 2147483647;
			files = (
				E97919DE66E7C7FE542DE91D /* Pods_Instagram_InstagramUITests.framework in Frameworks */,
			);
			runOnlyForDeploymentPostprocessing = 0;
		};
/* End PBXFrameworksBuildPhase section */

/* Begin PBXGroup section */
		043DABA5243B16A4FADF6DE5 /* Pods */ = {
			isa = PBXGroup;
			children = (
				A4C8A444EF2353B8B5A08EF5 /* Pods-Instagram.debug.xcconfig */,
				EC4115C5AE051A3695543558 /* Pods-Instagram.release.xcconfig */,
				84442B7D8325A5BB75644AFF /* Pods-Instagram-InstagramUITests.debug.xcconfig */,
				3F04945E30237236921400D4 /* Pods-Instagram-InstagramUITests.release.xcconfig */,
				CCCF0FBC6F1735ED3C8E99BA /* Pods-InstagramTests.debug.xcconfig */,
				EBD48EC8590D1764049F3C36 /* Pods-InstagramTests.release.xcconfig */,
			);
			path = Pods;
			sourceTree = "<group>";
		};
		A24B0598B338C88059BECE78 /* Frameworks */ = {
			isa = PBXGroup;
			children = (
				66541CDC5BC6B5EBD4B588AF /* Pods_Instagram.framework */,
				B45E12C4E057F1EE68333992 /* Pods_Instagram_InstagramUITests.framework */,
				FB30CE81C60C46C350EB1069 /* Pods_InstagramTests.framework */,
			);
			name = Frameworks;
			sourceTree = "<group>";
		};
		C397642D24B3AC510055B535 = {
			isa = PBXGroup;
			children = (
				C397643824B3AC510055B535 /* Instagram */,
				C397645424B3AC520055B535 /* InstagramTests */,
				C397645F24B3AC520055B535 /* InstagramUITests */,
				C397643724B3AC510055B535 /* Products */,
				043DABA5243B16A4FADF6DE5 /* Pods */,
				A24B0598B338C88059BECE78 /* Frameworks */,
			);
			sourceTree = "<group>";
		};
		C397643724B3AC510055B535 /* Products */ = {
			isa = PBXGroup;
			children = (
				C397643624B3AC510055B535 /* Instagram.app */,
				C397645124B3AC520055B535 /* InstagramTests.xctest */,
				C397645C24B3AC520055B535 /* InstagramUITests.xctest */,
			);
			name = Products;
			sourceTree = "<group>";
		};
		C397643824B3AC510055B535 /* Instagram */ = {
			isa = PBXGroup;
			children = (
				C397643924B3AC510055B535 /* AppDelegate.h */,
				C397643A24B3AC510055B535 /* AppDelegate.m */,
				C397643C24B3AC510055B535 /* SceneDelegate.h */,
				C397643D24B3AC510055B535 /* SceneDelegate.m */,
				C397644224B3AC510055B535 /* Main.storyboard */,
				C309290B24B51F2D00080CE7 /* ProfileViewController.h */,
				C309290C24B51F2D00080CE7 /* ProfileViewController.m */,
				C380127C24B529B300BAAD17 /* EditProfileViewController.h */,
				C380127D24B529B300BAAD17 /* EditProfileViewController.m */,
				C32AAAD324B3ECF90020B639 /* Post.h */,
				C32AAAD424B3ECF90020B639 /* Post.m */,
				C32AAAD024B3EB070020B639 /* ComposePostViewController.h */,
				C32AAAD124B3EB070020B639 /* ComposePostViewController.m */,
				C32AAACD24B3E3A70020B639 /* PostCell.h */,
				C32AAACE24B3E3A70020B639 /* PostCell.m */,
				C3A777F424B3C2AC005CEC88 /* FeedViewController.h */,
				C3A777F524B3C2AC005CEC88 /* FeedViewController.m */,
				C3A777F124B3BB98005CEC88 /* SignUpViewController.h */,
				C3A777F224B3BB98005CEC88 /* SignUpViewController.m */,
				C3A777EE24B3BAB3005CEC88 /* LoginViewController.h */,
				C3A777EF24B3BAB3005CEC88 /* LoginViewController.m */,
				C397644524B3AC520055B535 /* Assets.xcassets */,
				C397644724B3AC520055B535 /* LaunchScreen.storyboard */,
				C397644A24B3AC520055B535 /* Info.plist */,
				C397644B24B3AC520055B535 /* main.m */,
				C39BC2EB24B50D0000C6822F /* Billabong.ttf */,
			);
			path = Instagram;
			sourceTree = "<group>";
		};
		C397645424B3AC520055B535 /* InstagramTests */ = {
			isa = PBXGroup;
			children = (
				C397645524B3AC520055B535 /* InstagramTests.m */,
				C397645724B3AC520055B535 /* Info.plist */,
			);
			path = InstagramTests;
			sourceTree = "<group>";
		};
		C397645F24B3AC520055B535 /* InstagramUITests */ = {
			isa = PBXGroup;
			children = (
				C397646024B3AC520055B535 /* InstagramUITests.m */,
				C397646224B3AC520055B535 /* Info.plist */,
			);
			path = InstagramUITests;
			sourceTree = "<group>";
		};
/* End PBXGroup section */

/* Begin PBXNativeTarget section */
		C397643524B3AC510055B535 /* Instagram */ = {
			isa = PBXNativeTarget;
			buildConfigurationList = C397646524B3AC520055B535 /* Build configuration list for PBXNativeTarget "Instagram" */;
			buildPhases = (
				A82F65D090E0CEECCB740DA3 /* [CP] Check Pods Manifest.lock */,
				C397643224B3AC510055B535 /* Sources */,
				C397643324B3AC510055B535 /* Frameworks */,
				C397643424B3AC510055B535 /* Resources */,
				A370EA054FBC7BAEDC053BE7 /* [CP] Embed Pods Frameworks */,
			);
			buildRules = (
			);
			dependencies = (
			);
			name = Instagram;
			productName = Instagram;
			productReference = C397643624B3AC510055B535 /* Instagram.app */;
			productType = "com.apple.product-type.application";
		};
		C397645024B3AC520055B535 /* InstagramTests */ = {
			isa = PBXNativeTarget;
			buildConfigurationList = C397646824B3AC520055B535 /* Build configuration list for PBXNativeTarget "InstagramTests" */;
			buildPhases = (
				1A3F7987EDA80D28E5CA7F8D /* [CP] Check Pods Manifest.lock */,
				C397644D24B3AC520055B535 /* Sources */,
				C397644E24B3AC520055B535 /* Frameworks */,
				C397644F24B3AC520055B535 /* Resources */,
			);
			buildRules = (
			);
			dependencies = (
				C397645324B3AC520055B535 /* PBXTargetDependency */,
			);
			name = InstagramTests;
			productName = InstagramTests;
			productReference = C397645124B3AC520055B535 /* InstagramTests.xctest */;
			productType = "com.apple.product-type.bundle.unit-test";
		};
		C397645B24B3AC520055B535 /* InstagramUITests */ = {
			isa = PBXNativeTarget;
			buildConfigurationList = C397646B24B3AC520055B535 /* Build configuration list for PBXNativeTarget "InstagramUITests" */;
			buildPhases = (
				CEBE4D36C7731E5C29B0CEAC /* [CP] Check Pods Manifest.lock */,
				C397645824B3AC520055B535 /* Sources */,
				C397645924B3AC520055B535 /* Frameworks */,
				C397645A24B3AC520055B535 /* Resources */,
				4C99AFD4C028496461279731 /* [CP] Embed Pods Frameworks */,
			);
			buildRules = (
			);
			dependencies = (
				C397645E24B3AC520055B535 /* PBXTargetDependency */,
			);
			name = InstagramUITests;
			productName = InstagramUITests;
			productReference = C397645C24B3AC520055B535 /* InstagramUITests.xctest */;
			productType = "com.apple.product-type.bundle.ui-testing";
		};
/* End PBXNativeTarget section */

/* Begin PBXProject section */
		C397642E24B3AC510055B535 /* Project object */ = {
			isa = PBXProject;
			attributes = {
				LastUpgradeCheck = 1150;
				ORGANIZATIONNAME = "Pranathi Peri";
				TargetAttributes = {
					C397643524B3AC510055B535 = {
						CreatedOnToolsVersion = 11.5;
					};
					C397645024B3AC520055B535 = {
						CreatedOnToolsVersion = 11.5;
						TestTargetID = C397643524B3AC510055B535;
					};
					C397645B24B3AC520055B535 = {
						CreatedOnToolsVersion = 11.5;
						TestTargetID = C397643524B3AC510055B535;
					};
				};
			};
			buildConfigurationList = C397643124B3AC510055B535 /* Build configuration list for PBXProject "Instagram" */;
			compatibilityVersion = "Xcode 9.3";
			developmentRegion = en;
			hasScannedForEncodings = 0;
			knownRegions = (
				en,
				Base,
			);
			mainGroup = C397642D24B3AC510055B535;
			productRefGroup = C397643724B3AC510055B535 /* Products */;
			projectDirPath = "";
			projectRoot = "";
			targets = (
				C397643524B3AC510055B535 /* Instagram */,
				C397645024B3AC520055B535 /* InstagramTests */,
				C397645B24B3AC520055B535 /* InstagramUITests */,
			);
		};
/* End PBXProject section */

/* Begin PBXResourcesBuildPhase section */
		C397643424B3AC510055B535 /* Resources */ = {
			isa = PBXResourcesBuildPhase;
			buildActionMask = 2147483647;
			files = (
				C397644924B3AC520055B535 /* LaunchScreen.storyboard in Resources */,
				C397644624B3AC520055B535 /* Assets.xcassets in Resources */,
				C397644424B3AC510055B535 /* Main.storyboard in Resources */,
				C39BC2EC24B50D0000C6822F /* Billabong.ttf in Resources */,
			);
			runOnlyForDeploymentPostprocessing = 0;
		};
		C397644F24B3AC520055B535 /* Resources */ = {
			isa = PBXResourcesBuildPhase;
			buildActionMask = 2147483647;
			files = (
				C39BC2ED24B50D0000C6822F /* Billabong.ttf in Resources */,
			);
			runOnlyForDeploymentPostprocessing = 0;
		};
		C397645A24B3AC520055B535 /* Resources */ = {
			isa = PBXResourcesBuildPhase;
			buildActionMask = 2147483647;
			files = (
				C39BC2EE24B50D0000C6822F /* Billabong.ttf in Resources */,
			);
			runOnlyForDeploymentPostprocessing = 0;
		};
/* End PBXResourcesBuildPhase section */

/* Begin PBXShellScriptBuildPhase section */
		1A3F7987EDA80D28E5CA7F8D /* [CP] Check Pods Manifest.lock */ = {
			isa = PBXShellScriptBuildPhase;
			buildActionMask = 2147483647;
			files = (
			);
			inputFileListPaths = (
			);
			inputPaths = (
				"${PODS_PODFILE_DIR_PATH}/Podfile.lock",
				"${PODS_ROOT}/Manifest.lock",
			);
			name = "[CP] Check Pods Manifest.lock";
			outputFileListPaths = (
			);
			outputPaths = (
				"$(DERIVED_FILE_DIR)/Pods-InstagramTests-checkManifestLockResult.txt",
			);
			runOnlyForDeploymentPostprocessing = 0;
			shellPath = /bin/sh;
			shellScript = "diff \"${PODS_PODFILE_DIR_PATH}/Podfile.lock\" \"${PODS_ROOT}/Manifest.lock\" > /dev/null\nif [ $? != 0 ] ; then\n    # print error to STDERR\n    echo \"error: The sandbox is not in sync with the Podfile.lock. Run 'pod install' or update your CocoaPods installation.\" >&2\n    exit 1\nfi\n# This output is used by Xcode 'outputs' to avoid re-running this script phase.\necho \"SUCCESS\" > \"${SCRIPT_OUTPUT_FILE_0}\"\n";
			showEnvVarsInLog = 0;
		};
		4C99AFD4C028496461279731 /* [CP] Embed Pods Frameworks */ = {
			isa = PBXShellScriptBuildPhase;
			buildActionMask = 2147483647;
			files = (
			);
			inputFileListPaths = (
				"${PODS_ROOT}/Target Support Files/Pods-Instagram-InstagramUITests/Pods-Instagram-InstagramUITests-frameworks-${CONFIGURATION}-input-files.xcfilelist",
			);
			name = "[CP] Embed Pods Frameworks";
			outputFileListPaths = (
				"${PODS_ROOT}/Target Support Files/Pods-Instagram-InstagramUITests/Pods-Instagram-InstagramUITests-frameworks-${CONFIGURATION}-output-files.xcfilelist",
			);
			runOnlyForDeploymentPostprocessing = 0;
			shellPath = /bin/sh;
			shellScript = "\"${PODS_ROOT}/Target Support Files/Pods-Instagram-InstagramUITests/Pods-Instagram-InstagramUITests-frameworks.sh\"\n";
			showEnvVarsInLog = 0;
		};
		A370EA054FBC7BAEDC053BE7 /* [CP] Embed Pods Frameworks */ = {
			isa = PBXShellScriptBuildPhase;
			buildActionMask = 2147483647;
			files = (
			);
			inputFileListPaths = (
				"${PODS_ROOT}/Target Support Files/Pods-Instagram/Pods-Instagram-frameworks-${CONFIGURATION}-input-files.xcfilelist",
			);
			name = "[CP] Embed Pods Frameworks";
			outputFileListPaths = (
				"${PODS_ROOT}/Target Support Files/Pods-Instagram/Pods-Instagram-frameworks-${CONFIGURATION}-output-files.xcfilelist",
			);
			runOnlyForDeploymentPostprocessing = 0;
			shellPath = /bin/sh;
			shellScript = "\"${PODS_ROOT}/Target Support Files/Pods-Instagram/Pods-Instagram-frameworks.sh\"\n";
			showEnvVarsInLog = 0;
		};
		A82F65D090E0CEECCB740DA3 /* [CP] Check Pods Manifest.lock */ = {
			isa = PBXShellScriptBuildPhase;
			buildActionMask = 2147483647;
			files = (
			);
			inputFileListPaths = (
			);
			inputPaths = (
				"${PODS_PODFILE_DIR_PATH}/Podfile.lock",
				"${PODS_ROOT}/Manifest.lock",
			);
			name = "[CP] Check Pods Manifest.lock";
			outputFileListPaths = (
			);
			outputPaths = (
				"$(DERIVED_FILE_DIR)/Pods-Instagram-checkManifestLockResult.txt",
			);
			runOnlyForDeploymentPostprocessing = 0;
			shellPath = /bin/sh;
			shellScript = "diff \"${PODS_PODFILE_DIR_PATH}/Podfile.lock\" \"${PODS_ROOT}/Manifest.lock\" > /dev/null\nif [ $? != 0 ] ; then\n    # print error to STDERR\n    echo \"error: The sandbox is not in sync with the Podfile.lock. Run 'pod install' or update your CocoaPods installation.\" >&2\n    exit 1\nfi\n# This output is used by Xcode 'outputs' to avoid re-running this script phase.\necho \"SUCCESS\" > \"${SCRIPT_OUTPUT_FILE_0}\"\n";
			showEnvVarsInLog = 0;
		};
		CEBE4D36C7731E5C29B0CEAC /* [CP] Check Pods Manifest.lock */ = {
			isa = PBXShellScriptBuildPhase;
			buildActionMask = 2147483647;
			files = (
			);
			inputFileListPaths = (
			);
			inputPaths = (
				"${PODS_PODFILE_DIR_PATH}/Podfile.lock",
				"${PODS_ROOT}/Manifest.lock",
			);
			name = "[CP] Check Pods Manifest.lock";
			outputFileListPaths = (
			);
			outputPaths = (
				"$(DERIVED_FILE_DIR)/Pods-Instagram-InstagramUITests-checkManifestLockResult.txt",
			);
			runOnlyForDeploymentPostprocessing = 0;
			shellPath = /bin/sh;
			shellScript = "diff \"${PODS_PODFILE_DIR_PATH}/Podfile.lock\" \"${PODS_ROOT}/Manifest.lock\" > /dev/null\nif [ $? != 0 ] ; then\n    # print error to STDERR\n    echo \"error: The sandbox is not in sync with the Podfile.lock. Run 'pod install' or update your CocoaPods installation.\" >&2\n    exit 1\nfi\n# This output is used by Xcode 'outputs' to avoid re-running this script phase.\necho \"SUCCESS\" > \"${SCRIPT_OUTPUT_FILE_0}\"\n";
			showEnvVarsInLog = 0;
		};
/* End PBXShellScriptBuildPhase section */

/* Begin PBXSourcesBuildPhase section */
		C397643224B3AC510055B535 /* Sources */ = {
			isa = PBXSourcesBuildPhase;
			buildActionMask = 2147483647;
			files = (
				C3A777F024B3BAB3005CEC88 /* LoginViewController.m in Sources */,
				C380127E24B529B300BAAD17 /* EditProfileViewController.m in Sources */,
				C32AAAD224B3EB070020B639 /* ComposePostViewController.m in Sources */,
				C3A777F324B3BB98005CEC88 /* SignUpViewController.m in Sources */,
				C397643B24B3AC510055B535 /* AppDelegate.m in Sources */,
				C309290D24B51F2D00080CE7 /* ProfileViewController.m in Sources */,
				C32AAAD524B3ECF90020B639 /* Post.m in Sources */,
				C397644C24B3AC520055B535 /* main.m in Sources */,
				C32AAACF24B3E3A70020B639 /* PostCell.m in Sources */,
				C3A777F624B3C2AC005CEC88 /* FeedViewController.m in Sources */,
				C397643E24B3AC510055B535 /* SceneDelegate.m in Sources */,
			);
			runOnlyForDeploymentPostprocessing = 0;
		};
		C397644D24B3AC520055B535 /* Sources */ = {
			isa = PBXSourcesBuildPhase;
			buildActionMask = 2147483647;
			files = (
				C397645624B3AC520055B535 /* InstagramTests.m in Sources */,
			);
			runOnlyForDeploymentPostprocessing = 0;
		};
		C397645824B3AC520055B535 /* Sources */ = {
			isa = PBXSourcesBuildPhase;
			buildActionMask = 2147483647;
			files = (
				C397646124B3AC520055B535 /* InstagramUITests.m in Sources */,
			);
			runOnlyForDeploymentPostprocessing = 0;
		};
/* End PBXSourcesBuildPhase section */

/* Begin PBXTargetDependency section */
		C397645324B3AC520055B535 /* PBXTargetDependency */ = {
			isa = PBXTargetDependency;
			target = C397643524B3AC510055B535 /* Instagram */;
			targetProxy = C397645224B3AC520055B535 /* PBXContainerItemProxy */;
		};
		C397645E24B3AC520055B535 /* PBXTargetDependency */ = {
			isa = PBXTargetDependency;
			target = C397643524B3AC510055B535 /* Instagram */;
			targetProxy = C397645D24B3AC520055B535 /* PBXContainerItemProxy */;
		};
/* End PBXTargetDependency section */

/* Begin PBXVariantGroup section */
		C397644224B3AC510055B535 /* Main.storyboard */ = {
			isa = PBXVariantGroup;
			children = (
				C397644324B3AC510055B535 /* Base */,
			);
			name = Main.storyboard;
			sourceTree = "<group>";
		};
		C397644724B3AC520055B535 /* LaunchScreen.storyboard */ = {
			isa = PBXVariantGroup;
			children = (
				C397644824B3AC520055B535 /* Base */,
			);
			name = LaunchScreen.storyboard;
			sourceTree = "<group>";
		};
/* End PBXVariantGroup section */

/* Begin XCBuildConfiguration section */
		C397646324B3AC520055B535 /* Debug */ = {
			isa = XCBuildConfiguration;
			buildSettings = {
				ALWAYS_SEARCH_USER_PATHS = NO;
				CLANG_ANALYZER_NONNULL = YES;
				CLANG_ANALYZER_NUMBER_OBJECT_CONVERSION = YES_AGGRESSIVE;
				CLANG_CXX_LANGUAGE_STANDARD = "gnu++14";
				CLANG_CXX_LIBRARY = "libc++";
				CLANG_ENABLE_MODULES = YES;
				CLANG_ENABLE_OBJC_ARC = YES;
				CLANG_ENABLE_OBJC_WEAK = YES;
				CLANG_WARN_BLOCK_CAPTURE_AUTORELEASING = YES;
				CLANG_WARN_BOOL_CONVERSION = YES;
				CLANG_WARN_COMMA = YES;
				CLANG_WARN_CONSTANT_CONVERSION = YES;
				CLANG_WARN_DEPRECATED_OBJC_IMPLEMENTATIONS = YES;
				CLANG_WARN_DIRECT_OBJC_ISA_USAGE = YES_ERROR;
				CLANG_WARN_DOCUMENTATION_COMMENTS = YES;
				CLANG_WARN_EMPTY_BODY = YES;
				CLANG_WARN_ENUM_CONVERSION = YES;
				CLANG_WARN_INFINITE_RECURSION = YES;
				CLANG_WARN_INT_CONVERSION = YES;
				CLANG_WARN_NON_LITERAL_NULL_CONVERSION = YES;
				CLANG_WARN_OBJC_IMPLICIT_RETAIN_SELF = YES;
				CLANG_WARN_OBJC_LITERAL_CONVERSION = YES;
				CLANG_WARN_OBJC_ROOT_CLASS = YES_ERROR;
				CLANG_WARN_RANGE_LOOP_ANALYSIS = YES;
				CLANG_WARN_STRICT_PROTOTYPES = YES;
				CLANG_WARN_SUSPICIOUS_MOVE = YES;
				CLANG_WARN_UNGUARDED_AVAILABILITY = YES_AGGRESSIVE;
				CLANG_WARN_UNREACHABLE_CODE = YES;
				CLANG_WARN__DUPLICATE_METHOD_MATCH = YES;
				COPY_PHASE_STRIP = NO;
				DEBUG_INFORMATION_FORMAT = dwarf;
				ENABLE_STRICT_OBJC_MSGSEND = YES;
				ENABLE_TESTABILITY = YES;
				GCC_C_LANGUAGE_STANDARD = gnu11;
				GCC_DYNAMIC_NO_PIC = NO;
				GCC_NO_COMMON_BLOCKS = YES;
				GCC_OPTIMIZATION_LEVEL = 0;
				GCC_PREPROCESSOR_DEFINITIONS = (
					"DEBUG=1",
					"$(inherited)",
				);
				GCC_WARN_64_TO_32_BIT_CONVERSION = YES;
				GCC_WARN_ABOUT_RETURN_TYPE = YES_ERROR;
				GCC_WARN_UNDECLARED_SELECTOR = YES;
				GCC_WARN_UNINITIALIZED_AUTOS = YES_AGGRESSIVE;
				GCC_WARN_UNUSED_FUNCTION = YES;
				GCC_WARN_UNUSED_VARIABLE = YES;
				IPHONEOS_DEPLOYMENT_TARGET = 13.5;
				MTL_ENABLE_DEBUG_INFO = INCLUDE_SOURCE;
				MTL_FAST_MATH = YES;
				ONLY_ACTIVE_ARCH = YES;
				SDKROOT = iphoneos;
			};
			name = Debug;
		};
		C397646424B3AC520055B535 /* Release */ = {
			isa = XCBuildConfiguration;
			buildSettings = {
				ALWAYS_SEARCH_USER_PATHS = NO;
				CLANG_ANALYZER_NONNULL = YES;
				CLANG_ANALYZER_NUMBER_OBJECT_CONVERSION = YES_AGGRESSIVE;
				CLANG_CXX_LANGUAGE_STANDARD = "gnu++14";
				CLANG_CXX_LIBRARY = "libc++";
				CLANG_ENABLE_MODULES = YES;
				CLANG_ENABLE_OBJC_ARC = YES;
				CLANG_ENABLE_OBJC_WEAK = YES;
				CLANG_WARN_BLOCK_CAPTURE_AUTORELEASING = YES;
				CLANG_WARN_BOOL_CONVERSION = YES;
				CLANG_WARN_COMMA = YES;
				CLANG_WARN_CONSTANT_CONVERSION = YES;
				CLANG_WARN_DEPRECATED_OBJC_IMPLEMENTATIONS = YES;
				CLANG_WARN_DIRECT_OBJC_ISA_USAGE = YES_ERROR;
				CLANG_WARN_DOCUMENTATION_COMMENTS = YES;
				CLANG_WARN_EMPTY_BODY = YES;
				CLANG_WARN_ENUM_CONVERSION = YES;
				CLANG_WARN_INFINITE_RECURSION = YES;
				CLANG_WARN_INT_CONVERSION = YES;
				CLANG_WARN_NON_LITERAL_NULL_CONVERSION = YES;
				CLANG_WARN_OBJC_IMPLICIT_RETAIN_SELF = YES;
				CLANG_WARN_OBJC_LITERAL_CONVERSION = YES;
				CLANG_WARN_OBJC_ROOT_CLASS = YES_ERROR;
				CLANG_WARN_RANGE_LOOP_ANALYSIS = YES;
				CLANG_WARN_STRICT_PROTOTYPES = YES;
				CLANG_WARN_SUSPICIOUS_MOVE = YES;
				CLANG_WARN_UNGUARDED_AVAILABILITY = YES_AGGRESSIVE;
				CLANG_WARN_UNREACHABLE_CODE = YES;
				CLANG_WARN__DUPLICATE_METHOD_MATCH = YES;
				COPY_PHASE_STRIP = NO;
				DEBUG_INFORMATION_FORMAT = "dwarf-with-dsym";
				ENABLE_NS_ASSERTIONS = NO;
				ENABLE_STRICT_OBJC_MSGSEND = YES;
				GCC_C_LANGUAGE_STANDARD = gnu11;
				GCC_NO_COMMON_BLOCKS = YES;
				GCC_WARN_64_TO_32_BIT_CONVERSION = YES;
				GCC_WARN_ABOUT_RETURN_TYPE = YES_ERROR;
				GCC_WARN_UNDECLARED_SELECTOR = YES;
				GCC_WARN_UNINITIALIZED_AUTOS = YES_AGGRESSIVE;
				GCC_WARN_UNUSED_FUNCTION = YES;
				GCC_WARN_UNUSED_VARIABLE = YES;
				IPHONEOS_DEPLOYMENT_TARGET = 13.5;
				MTL_ENABLE_DEBUG_INFO = NO;
				MTL_FAST_MATH = YES;
				SDKROOT = iphoneos;
				VALIDATE_PRODUCT = YES;
			};
			name = Release;
		};
		C397646624B3AC520055B535 /* Debug */ = {
			isa = XCBuildConfiguration;
			baseConfigurationReference = A4C8A444EF2353B8B5A08EF5 /* Pods-Instagram.debug.xcconfig */;
			buildSettings = {
				ASSETCATALOG_COMPILER_APPICON_NAME = AppIcon;
				CODE_SIGN_STYLE = Automatic;
				INFOPLIST_FILE = Instagram/Info.plist;
				LD_RUNPATH_SEARCH_PATHS = (
					"$(inherited)",
					"@executable_path/Frameworks",
				);
				PRODUCT_BUNDLE_IDENTIFIER = com.codepath.Instagram;
				PRODUCT_NAME = "$(TARGET_NAME)";
				TARGETED_DEVICE_FAMILY = "1,2";
			};
			name = Debug;
		};
		C397646724B3AC520055B535 /* Release */ = {
			isa = XCBuildConfiguration;
			baseConfigurationReference = EC4115C5AE051A3695543558 /* Pods-Instagram.release.xcconfig */;
			buildSettings = {
				ASSETCATALOG_COMPILER_APPICON_NAME = AppIcon;
				CODE_SIGN_STYLE = Automatic;
				INFOPLIST_FILE = Instagram/Info.plist;
				LD_RUNPATH_SEARCH_PATHS = (
					"$(inherited)",
					"@executable_path/Frameworks",
				);
				PRODUCT_BUNDLE_IDENTIFIER = com.codepath.Instagram;
				PRODUCT_NAME = "$(TARGET_NAME)";
				TARGETED_DEVICE_FAMILY = "1,2";
			};
			name = Release;
		};
		C397646924B3AC520055B535 /* Debug */ = {
			isa = XCBuildConfiguration;
			baseConfigurationReference = CCCF0FBC6F1735ED3C8E99BA /* Pods-InstagramTests.debug.xcconfig */;
			buildSettings = {
				BUNDLE_LOADER = "$(TEST_HOST)";
				CODE_SIGN_STYLE = Automatic;
				INFOPLIST_FILE = InstagramTests/Info.plist;
				IPHONEOS_DEPLOYMENT_TARGET = 13.5;
				LD_RUNPATH_SEARCH_PATHS = (
					"$(inherited)",
					"@executable_path/Frameworks",
					"@loader_path/Frameworks",
				);
				PRODUCT_BUNDLE_IDENTIFIER = com.codepath.InstagramTests;
				PRODUCT_NAME = "$(TARGET_NAME)";
				TARGETED_DEVICE_FAMILY = "1,2";
				TEST_HOST = "$(BUILT_PRODUCTS_DIR)/Instagram.app/Instagram";
			};
			name = Debug;
		};
		C397646A24B3AC520055B535 /* Release */ = {
			isa = XCBuildConfiguration;
			baseConfigurationReference = EBD48EC8590D1764049F3C36 /* Pods-InstagramTests.release.xcconfig */;
			buildSettings = {
				BUNDLE_LOADER = "$(TEST_HOST)";
				CODE_SIGN_STYLE = Automatic;
				INFOPLIST_FILE = InstagramTests/Info.plist;
				IPHONEOS_DEPLOYMENT_TARGET = 13.5;
				LD_RUNPATH_SEARCH_PATHS = (
					"$(inherited)",
					"@executable_path/Frameworks",
					"@loader_path/Frameworks",
				);
				PRODUCT_BUNDLE_IDENTIFIER = com.codepath.InstagramTests;
				PRODUCT_NAME = "$(TARGET_NAME)";
				TARGETED_DEVICE_FAMILY = "1,2";
				TEST_HOST = "$(BUILT_PRODUCTS_DIR)/Instagram.app/Instagram";
			};
			name = Release;
		};
		C397646C24B3AC520055B535 /* Debug */ = {
			isa = XCBuildConfiguration;
			baseConfigurationReference = 84442B7D8325A5BB75644AFF /* Pods-Instagram-InstagramUITests.debug.xcconfig */;
			buildSettings = {
				CODE_SIGN_STYLE = Automatic;
				INFOPLIST_FILE = InstagramUITests/Info.plist;
				LD_RUNPATH_SEARCH_PATHS = (
					"$(inherited)",
					"@executable_path/Frameworks",
					"@loader_path/Frameworks",
				);
				PRODUCT_BUNDLE_IDENTIFIER = com.codepath.InstagramUITests;
				PRODUCT_NAME = "$(TARGET_NAME)";
				TARGETED_DEVICE_FAMILY = "1,2";
				TEST_TARGET_NAME = Instagram;
			};
			name = Debug;
		};
		C397646D24B3AC520055B535 /* Release */ = {
			isa = XCBuildConfiguration;
			baseConfigurationReference = 3F04945E30237236921400D4 /* Pods-Instagram-InstagramUITests.release.xcconfig */;
			buildSettings = {
				CODE_SIGN_STYLE = Automatic;
				INFOPLIST_FILE = InstagramUITests/Info.plist;
				LD_RUNPATH_SEARCH_PATHS = (
					"$(inherited)",
					"@executable_path/Frameworks",
					"@loader_path/Frameworks",
				);
				PRODUCT_BUNDLE_IDENTIFIER = com.codepath.InstagramUITests;
				PRODUCT_NAME = "$(TARGET_NAME)";
				TARGETED_DEVICE_FAMILY = "1,2";
				TEST_TARGET_NAME = Instagram;
			};
			name = Release;
		};
/* End XCBuildConfiguration section */

/* Begin XCConfigurationList section */
		C397643124B3AC510055B535 /* Build configuration list for PBXProject "Instagram" */ = {
			isa = XCConfigurationList;
			buildConfigurations = (
				C397646324B3AC520055B535 /* Debug */,
				C397646424B3AC520055B535 /* Release */,
			);
			defaultConfigurationIsVisible = 0;
			defaultConfigurationName = Release;
		};
		C397646524B3AC520055B535 /* Build configuration list for PBXNativeTarget "Instagram" */ = {
			isa = XCConfigurationList;
			buildConfigurations = (
				C397646624B3AC520055B535 /* Debug */,
				C397646724B3AC520055B535 /* Release */,
			);
			defaultConfigurationIsVisible = 0;
			defaultConfigurationName = Release;
		};
		C397646824B3AC520055B535 /* Build configuration list for PBXNativeTarget "InstagramTests" */ = {
			isa = XCConfigurationList;
			buildConfigurations = (
				C397646924B3AC520055B535 /* Debug */,
				C397646A24B3AC520055B535 /* Release */,
			);
			defaultConfigurationIsVisible = 0;
			defaultConfigurationName = Release;
		};
		C397646B24B3AC520055B535 /* Build configuration list for PBXNativeTarget "InstagramUITests" */ = {
			isa = XCConfigurationList;
			buildConfigurations = (
				C397646C24B3AC520055B535 /* Debug */,
				C397646D24B3AC520055B535 /* Release */,
			);
			defaultConfigurationIsVisible = 0;
			defaultConfigurationName = Release;
		};
/* End XCConfigurationList section */
	};
	rootObject = C397642E24B3AC510055B535 /* Project object */;
}
